
Microsoft Visual Studio Solution File, Format Version 12.00
# Visual Studio 2012
Project("{FAE04EC0-301F-11D3-BF4B-00C04F79EFBC}") = "Capitu.BLL", "Capitu.BLL\Capitu.BLL.csproj", "{84CC945F-71C9-41C8-9C97-3CF38A191C58}"
EndProject
Project("{FAE04EC0-301F-11D3-BF4B-00C04F79EFBC}") = "Capitu.DAL", "Capitu.DAL\Capitu.DAL.csproj", "{728ED022-54AF-4B02-87FD-949270423BE8}"
EndProject
Project("{FAE04EC0-301F-11D3-BF4B-00C04F79EFBC}") = "Capitu.BE", "Capitu.BE\Capitu.BE.csproj", "{E62F78FA-A1FB-4B62-95D1-D04D4DBE0CCA}"
EndProject
Project("{FAE04EC0-301F-11D3-BF4B-00C04F79EFBC}") = "Capitu.Web", "Capitu.Web\Capitu.Web.csproj", "{54377135-4FD3-42B6-93EA-D783ABEBE26B}"
EndProject
Project("{FAE04EC0-301F-11D3-BF4B-00C04F79EFBC}") = "GoogleMapControl", "GoogleMapControl\GoogleMapControl.csproj", "{281555C1-F95F-4D4C-B7BE-FADD79D57090}"
EndProject
Project("{FAE04EC0-301F-11D3-BF4B-00C04F79EFBC}") = "GMAP", "GMAP\GMAP.csproj", "{92FBD9BC-3709-4205-A1FA-E35F3F766B7F}"
EndProject
Project("{FAE04EC0-301F-11D3-BF4B-00C04F79EFBC}") = "Capitu.MVC", "Capitu.MVC\Capitu.MVC.csproj", "{4F27415B-899A-4644-9D72-B2F1B9AA0389}"
EndProject
Global
	GlobalSection(SolutionConfigurationPlatforms) = preSolution
		Debug|Any CPU = Debug|Any CPU
		Release|Any CPU = Release|Any CPU
	EndGlobalSection
	GlobalSection(ProjectConfigurationPlatforms) = postSolution
		{84CC945F-71C9-41C8-9C97-3CF38A191C58}.Debug|Any CPU.ActiveCfg = Debug|Any CPU
		{84CC945F-71C9-41C8-9C97-3CF38A191C58}.Debug|Any CPU.Build.0 = Debug|Any CPU
		{84CC945F-71C9-41C8-9C97-3CF38A191C58}.Release|Any CPU.ActiveCfg = Release|Any CPU
		{84CC945F-71C9-41C8-9C97-3CF38A191C58}.Release|Any CPU.Build.0 = Release|Any CPU
		{728ED022-54AF-4B02-87FD-949270423BE8}.Debug|Any CPU.ActiveCfg = Debug|Any CPU
		{728ED022-54AF-4B02-87FD-949270423BE8}.Debug|Any CPU.Build.0 = Debug|Any CPU
		{728ED022-54AF-4B02-87FD-949270423BE8}.Release|Any CPU.ActiveCfg = Release|Any CPU
		{728ED022-54AF-4B02-87FD-949270423BE8}.Release|Any CPU.Build.0 = Release|Any CPU
		{E62F78FA-A1FB-4B62-95D1-D04D4DBE0CCA}.Debug|Any CPU.ActiveCfg = Debug|Any CPU
		{E62F78FA-A1FB-4B62-95D1-D04D4DBE0CCA}.Debug|Any CPU.Build.0 = Debug|Any CPU
		{E62F78FA-A1FB-4B62-95D1-D04D4DBE0CCA}.Release|Any CPU.ActiveCfg = Release|Any CPU
		{E62F78FA-A1FB-4B62-95D1-D04D4DBE0CCA}.Release|Any CPU.Build.0 = Release|Any CPU
		{54377135-4FD3-42B6-93EA-D783ABEBE26B}.Debug|Any CPU.ActiveCfg = Debug|Any CPU
		{54377135-4FD3-42B6-93EA-D783ABEBE26B}.Debug|Any CPU.Build.0 = Debug|Any CPU
		{54377135-4FD3-42B6-93EA-D783ABEBE26B}.Release|Any CPU.ActiveCfg = Release|Any CPU
		{54377135-4FD3-42B6-93EA-D783ABEBE26B}.Release|Any CPU.Build.0 = Release|Any CPU
		{281555C1-F95F-4D4C-B7BE-FADD79D57090}.Debug|Any CPU.ActiveCfg = Debug|Any CPU
		{281555C1-F95F-4D4C-B7BE-FADD79D57090}.Debug|Any CPU.Build.0 = Debug|Any CPU
		{281555C1-F95F-4D4C-B7BE-FADD79D57090}.Release|Any CPU.ActiveCfg = Release|Any CPU
		{281555C1-F95F-4D4C-B7BE-FADD79D57090}.Release|Any CPU.Build.0 = Release|Any CPU
		{92FBD9BC-3709-4205-A1FA-E35F3F766B7F}.Debug|Any CPU.ActiveCfg = Debug|Any CPU
		{92FBD9BC-3709-4205-A1FA-E35F3F766B7F}.Debug|Any CPU.Build.0 = Debug|Any CPU
		{92FBD9BC-3709-4205-A1FA-E35F3F766B7F}.Release|Any CPU.ActiveCfg = Release|Any CPU
		{92FBD9BC-3709-4205-A1FA-E35F3F766B7F}.Release|Any CPU.Build.0 = Release|Any CPU
		{4F27415B-899A-4644-9D72-B2F1B9AA0389}.Debug|Any CPU.ActiveCfg = Debug|Any CPU
		{4F27415B-899A-4644-9D72-B2F1B9AA0389}.Debug|Any CPU.Build.0 = Debug|Any CPU
		{4F27415B-899A-4644-9D72-B2F1B9AA0389}.Release|Any CPU.ActiveCfg = Release|Any CPU
		{4F27415B-899A-4644-9D72-B2F1B9AA0389}.Release|Any CPU.Build.0 = Release|Any CPU
	EndGlobalSection
	GlobalSection(SolutionProperties) = preSolution
		HideSolutionNode = FALSE
	EndGlobalSection
EndGlobal
